
Microsoft Visual Studio Solution File, Format Version 12.00
# Visual Studio Version 16
VisualStudioVersion = 16.0.32630.194
MinimumVisualStudioVersion = 10.0.40219.1
Project("{FAE04EC0-301F-11D3-BF4B-00C04F79EFBC}") = "Assignment2Q1", "Assignment2Q1\Assignment2Q1.csproj", "{35B8D9D4-92E4-4897-B3C4-E3D2CC5D059F}"
EndProject
Global
	GlobalSection(SolutionConfigurationPlatforms) = preSolution
		Debug|Any CPU = Debug|Any CPU
		Release|Any CPU = Release|Any CPU
	EndGlobalSection
	GlobalSection(ProjectConfigurationPlatforms) = postSolution
		{35B8D9D4-92E4-4897-B3C4-E3D2CC5D059F}.Debug|Any CPU.ActiveCfg = Debug|Any CPU
		{35B8D9D4-92E4-4897-B3C4-E3D2CC5D059F}.Debug|Any CPU.Build.0 = Debug|Any CPU
		{35B8D9D4-92E4-4897-B3C4-E3D2CC5D059F}.Release|Any CPU.ActiveCfg = Release|Any CPU
		{35B8D9D4-92E4-4897-B3C4-E3D2CC5D059F}.Release|Any CPU.Build.0 = Release|Any CPU
	EndGlobalSection
	GlobalSection(SolutionProperties) = preSolution
		HideSolutionNode = FALSE
	EndGlobalSection
	GlobalSection(ExtensibilityGlobals) = postSolution
		SolutionGuid = {7F09A8DE-C133-4DC4-A5F6-111D4648E8C2}
	EndGlobalSection
EndGlobal
