
Microsoft Visual Studio Solution File, Format Version 12.00
# Visual Studio Version 16
VisualStudioVersion = 16.0.32630.194
MinimumVisualStudioVersion = 10.0.40219.1
Project("{FAE04EC0-301F-11D3-BF4B-00C04F79EFBC}") = "DotnetAssignment1", "DotnetAssignment1\DotnetAssignment1.csproj", "{BACB6C1D-7F39-47E2-B95F-1EF96E6BCBC7}"
EndProject
Global
	GlobalSection(SolutionConfigurationPlatforms) = preSolution
		Debug|Any CPU = Debug|Any CPU
		Release|Any CPU = Release|Any CPU
	EndGlobalSection
	GlobalSection(ProjectConfigurationPlatforms) = postSolution
		{BACB6C1D-7F39-47E2-B95F-1EF96E6BCBC7}.Debug|Any CPU.ActiveCfg = Debug|Any CPU
		{BACB6C1D-7F39-47E2-B95F-1EF96E6BCBC7}.Debug|Any CPU.Build.0 = Debug|Any CPU
		{BACB6C1D-7F39-47E2-B95F-1EF96E6BCBC7}.Release|Any CPU.ActiveCfg = Release|Any CPU
		{BACB6C1D-7F39-47E2-B95F-1EF96E6BCBC7}.Release|Any CPU.Build.0 = Release|Any CPU
	EndGlobalSection
	GlobalSection(SolutionProperties) = preSolution
		HideSolutionNode = FALSE
	EndGlobalSection
	GlobalSection(ExtensibilityGlobals) = postSolution
		SolutionGuid = {A1FD9F85-AFBB-4853-9E45-0BCA87CA1545}
	EndGlobalSection
EndGlobal
