
Microsoft Visual Studio Solution File, Format Version 12.00
# Visual Studio Version 16
VisualStudioVersion = 16.0.32630.194
MinimumVisualStudioVersion = 10.0.40219.1
Project("{FAE04EC0-301F-11D3-BF4B-00C04F79EFBC}") = "Assign1Q3", "Assign1Q3\Assign1Q3.csproj", "{C6BEDEFC-56C1-4520-A088-4E0C11442075}"
EndProject
Global
	GlobalSection(SolutionConfigurationPlatforms) = preSolution
		Debug|Any CPU = Debug|Any CPU
		Release|Any CPU = Release|Any CPU
	EndGlobalSection
	GlobalSection(ProjectConfigurationPlatforms) = postSolution
		{C6BEDEFC-56C1-4520-A088-4E0C11442075}.Debug|Any CPU.ActiveCfg = Debug|Any CPU
		{C6BEDEFC-56C1-4520-A088-4E0C11442075}.Debug|Any CPU.Build.0 = Debug|Any CPU
		{C6BEDEFC-56C1-4520-A088-4E0C11442075}.Release|Any CPU.ActiveCfg = Release|Any CPU
		{C6BEDEFC-56C1-4520-A088-4E0C11442075}.Release|Any CPU.Build.0 = Release|Any CPU
	EndGlobalSection
	GlobalSection(SolutionProperties) = preSolution
		HideSolutionNode = FALSE
	EndGlobalSection
	GlobalSection(ExtensibilityGlobals) = postSolution
		SolutionGuid = {5F722B1D-BC0E-4163-B9FB-CCC30E5D1F2C}
	EndGlobalSection
EndGlobal
