
Microsoft Visual Studio Solution File, Format Version 12.00
# Visual Studio Version 16
VisualStudioVersion = 16.0.32630.194
MinimumVisualStudioVersion = 10.0.40219.1
Project("{FAE04EC0-301F-11D3-BF4B-00C04F79EFBC}") = "Assignment2Q2", "Assignment2Q2\Assignment2Q2.csproj", "{48923D1A-7924-4984-B303-7E20F37823AF}"
EndProject
Global
	GlobalSection(SolutionConfigurationPlatforms) = preSolution
		Debug|Any CPU = Debug|Any CPU
		Release|Any CPU = Release|Any CPU
	EndGlobalSection
	GlobalSection(ProjectConfigurationPlatforms) = postSolution
		{48923D1A-7924-4984-B303-7E20F37823AF}.Debug|Any CPU.ActiveCfg = Debug|Any CPU
		{48923D1A-7924-4984-B303-7E20F37823AF}.Debug|Any CPU.Build.0 = Debug|Any CPU
		{48923D1A-7924-4984-B303-7E20F37823AF}.Release|Any CPU.ActiveCfg = Release|Any CPU
		{48923D1A-7924-4984-B303-7E20F37823AF}.Release|Any CPU.Build.0 = Release|Any CPU
	EndGlobalSection
	GlobalSection(SolutionProperties) = preSolution
		HideSolutionNode = FALSE
	EndGlobalSection
	GlobalSection(ExtensibilityGlobals) = postSolution
		SolutionGuid = {7AFF192B-3FFD-419C-B11D-425D610AC960}
	EndGlobalSection
EndGlobal
